// !$*UTF8*$!
{
	archiveVersion = 1;
	classes = {
	};
	objectVersion = 46;
	objects = {

/* Begin PBXBuildFile section */
		D32AF7941AC62020009AF512 /* AppDelegate.swift in Sources */ = {isa = PBXBuildFile; fileRef = D32AF7931AC62020009AF512 /* AppDelegate.swift */; };
		D32AF7961AC62020009AF512 /* ViewController.swift in Sources */ = {isa = PBXBuildFile; fileRef = D32AF7951AC62020009AF512 /* ViewController.swift */; };
		D32AF7991AC62020009AF512 /* Main.storyboard in Resources */ = {isa = PBXBuildFile; fileRef = D32AF7971AC62020009AF512 /* Main.storyboard */; };
		D32AF79B1AC62020009AF512 /* Images.xcassets in Resources */ = {isa = PBXBuildFile; fileRef = D32AF79A1AC62020009AF512 /* Images.xcassets */; };
		D32AF79E1AC62020009AF512 /* LaunchScreen.xib in Resources */ = {isa = PBXBuildFile; fileRef = D32AF79C1AC62020009AF512 /* LaunchScreen.xib */; };
		D32AF7AA1AC62020009AF512 /* TipCalculatorTests.swift in Sources */ = {isa = PBXBuildFile; fileRef = D32AF7A91AC62020009AF512 /* TipCalculatorTests.swift */; };
		D32AF7BC1AC62065009AF512 /* InterfaceController.swift in Sources */ = {isa = PBXBuildFile; fileRef = D32AF7BB1AC62065009AF512 /* InterfaceController.swift */; };
		D32AF7BE1AC62065009AF512 /* Images.xcassets in Resources */ = {isa = PBXBuildFile; fileRef = D32AF7BD1AC62065009AF512 /* Images.xcassets */; };
		D32AF7C21AC62065009AF512 /* TipCalculator WatchKit App.app in Resources */ = {isa = PBXBuildFile; fileRef = D32AF7C11AC62065009AF512 /* TipCalculator WatchKit App.app */; };
		D32AF7CA1AC62065009AF512 /* Interface.storyboard in Resources */ = {isa = PBXBuildFile; fileRef = D32AF7C81AC62065009AF512 /* Interface.storyboard */; };
		D32AF7CC1AC62065009AF512 /* Images.xcassets in Resources */ = {isa = PBXBuildFile; fileRef = D32AF7CB1AC62065009AF512 /* Images.xcassets */; };
		D32AF7CF1AC62065009AF512 /* TipCalculator WatchKit Extension.appex in Embed App Extensions */ = {isa = PBXBuildFile; fileRef = D32AF7B71AC62065009AF512 /* TipCalculator WatchKit Extension.appex */; settings = {ATTRIBUTES = (RemoveHeadersOnCopy, ); }; };
/* End PBXBuildFile section */

/* Begin PBXContainerItemProxy section */
		D32AF7A41AC62020009AF512 /* PBXContainerItemProxy */ = {
			isa = PBXContainerItemProxy;
			containerPortal = D32AF7861AC62020009AF512 /* Project object */;
			proxyType = 1;
			remoteGlobalIDString = D32AF78D1AC62020009AF512;
			remoteInfo = TipCalculator;
		};
		D32AF7C31AC62065009AF512 /* PBXContainerItemProxy */ = {
			isa = PBXContainerItemProxy;
			containerPortal = D32AF7861AC62020009AF512 /* Project object */;
			proxyType = 1;
			remoteGlobalIDString = D32AF7C01AC62065009AF512;
			remoteInfo = "TipCalculator WatchKit App";
		};
		D32AF7CD1AC62065009AF512 /* PBXContainerItemProxy */ = {
			isa = PBXContainerItemProxy;
			containerPortal = D32AF7861AC62020009AF512 /* Project object */;
			proxyType = 1;
			remoteGlobalIDString = D32AF7B61AC62065009AF512;
			remoteInfo = "TipCalculator WatchKit Extension";
		};
/* End PBXContainerItemProxy section */

/* Begin PBXCopyFilesBuildPhase section */
		D32AF7D61AC62065009AF512 /* Embed App Extensions */ = {
			isa = PBXCopyFilesBuildPhase;
			buildActionMask = 2147483647;
			dstPath = "";
			dstSubfolderSpec = 13;
			files = (
				D32AF7CF1AC62065009AF512 /* TipCalculator WatchKit Extension.appex in Embed App Extensions */,
			);
			name = "Embed App Extensions";
			runOnlyForDeploymentPostprocessing = 0;
		};
/* End PBXCopyFilesBuildPhase section */

/* Begin PBXFileReference section */
		D32AF78E1AC62020009AF512 /* TipCalculator.app */ = {isa = PBXFileReference; explicitFileType = wrapper.application; includeInIndex = 0; path = TipCalculator.app; sourceTree = BUILT_PRODUCTS_DIR; };
		D32AF7921AC62020009AF512 /* Info.plist */ = {isa = PBXFileReference; lastKnownFileType = text.plist.xml; path = Info.plist; sourceTree = "<group>"; };
		D32AF7931AC62020009AF512 /* AppDelegate.swift */ = {isa = PBXFileReference; lastKnownFileType = sourcecode.swift; path = AppDelegate.swift; sourceTree = "<group>"; };
		D32AF7951AC62020009AF512 /* ViewController.swift */ = {isa = PBXFileReference; lastKnownFileType = sourcecode.swift; path = ViewController.swift; sourceTree = "<group>"; };
		D32AF7981AC62020009AF512 /* Base */ = {isa = PBXFileReference; lastKnownFileType = file.storyboard; name = Base; path = Base.lproj/Main.storyboard; sourceTree = "<group>"; };
		D32AF79A1AC62020009AF512 /* Images.xcassets */ = {isa = PBXFileReference; lastKnownFileType = folder.assetcatalog; path = Images.xcassets; sourceTree = "<group>"; };
		D32AF79D1AC62020009AF512 /* Base */ = {isa = PBXFileReference; lastKnownFileType = file.xib; name = Base; path = Base.lproj/LaunchScreen.xib; sourceTree = "<group>"; };
		D32AF7A31AC62020009AF512 /* TipCalculatorTests.xctest */ = {isa = PBXFileReference; explicitFileType = wrapper.cfbundle; includeInIndex = 0; path = TipCalculatorTests.xctest; sourceTree = BUILT_PRODUCTS_DIR; };
		D32AF7A81AC62020009AF512 /* Info.plist */ = {isa = PBXFileReference; lastKnownFileType = text.plist.xml; path = Info.plist; sourceTree = "<group>"; };
		D32AF7A91AC62020009AF512 /* TipCalculatorTests.swift */ = {isa = PBXFileReference; lastKnownFileType = sourcecode.swift; path = TipCalculatorTests.swift; sourceTree = "<group>"; };
		D32AF7B71AC62065009AF512 /* TipCalculator WatchKit Extension.appex */ = {isa = PBXFileReference; explicitFileType = "wrapper.app-extension"; includeInIndex = 0; path = "TipCalculator WatchKit Extension.appex"; sourceTree = BUILT_PRODUCTS_DIR; };
		D32AF7BA1AC62065009AF512 /* Info.plist */ = {isa = PBXFileReference; lastKnownFileType = text.plist.xml; path = Info.plist; sourceTree = "<group>"; };
		D32AF7BB1AC62065009AF512 /* InterfaceController.swift */ = {isa = PBXFileReference; lastKnownFileType = sourcecode.swift; path = InterfaceController.swift; sourceTree = "<group>"; };
		D32AF7BD1AC62065009AF512 /* Images.xcassets */ = {isa = PBXFileReference; lastKnownFileType = folder.assetcatalog; path = Images.xcassets; sourceTree = "<group>"; };
		D32AF7C11AC62065009AF512 /* TipCalculator WatchKit App.app */ = {isa = PBXFileReference; explicitFileType = wrapper.application; includeInIndex = 0; path = "TipCalculator WatchKit App.app"; sourceTree = BUILT_PRODUCTS_DIR; };
		D32AF7C71AC62065009AF512 /* Info.plist */ = {isa = PBXFileReference; lastKnownFileType = text.plist.xml; path = Info.plist; sourceTree = "<group>"; };
		D32AF7C91AC62065009AF512 /* Base */ = {isa = PBXFileReference; lastKnownFileType = file.storyboard; name = Base; path = Base.lproj/Interface.storyboard; sourceTree = "<group>"; };
		D32AF7CB1AC62065009AF512 /* Images.xcassets */ = {isa = PBXFileReference; lastKnownFileType = folder.assetcatalog; path = Images.xcassets; sourceTree = "<group>"; };
/* End PBXFileReference section */

/* Begin PBXFrameworksBuildPhase section */
		D32AF78B1AC62020009AF512 /* Frameworks */ = {
			isa = PBXFrameworksBuildPhase;
			buildActionMask = 2147483647;
			files = (
			);
			runOnlyForDeploymentPostprocessing = 0;
		};
		D32AF7A01AC62020009AF512 /* Frameworks */ = {
			isa = PBXFrameworksBuildPhase;
			buildActionMask = 2147483647;
			files = (
			);
			runOnlyForDeploymentPostprocessing = 0;
		};
		D32AF7B41AC62065009AF512 /* Frameworks */ = {
			isa = PBXFrameworksBuildPhase;
			buildActionMask = 2147483647;
			files = (
			);
			runOnlyForDeploymentPostprocessing = 0;
		};
/* End PBXFrameworksBuildPhase section */

/* Begin PBXGroup section */
		D32AF7851AC62020009AF512 = {
			isa = PBXGroup;
			children = (
				D32AF7901AC62020009AF512 /* TipCalculator */,
				D32AF7A61AC62020009AF512 /* TipCalculatorTests */,
				D32AF7B81AC62065009AF512 /* TipCalculator WatchKit Extension */,
				D32AF7C51AC62065009AF512 /* TipCalculator WatchKit App */,
				D32AF78F1AC62020009AF512 /* Products */,
			);
			sourceTree = "<group>";
		};
		D32AF78F1AC62020009AF512 /* Products */ = {
			isa = PBXGroup;
			children = (
				D32AF78E1AC62020009AF512 /* TipCalculator.app */,
				D32AF7A31AC62020009AF512 /* TipCalculatorTests.xctest */,
				D32AF7B71AC62065009AF512 /* TipCalculator WatchKit Extension.appex */,
				D32AF7C11AC62065009AF512 /* TipCalculator WatchKit App.app */,
			);
			name = Products;
			sourceTree = "<group>";
		};
		D32AF7901AC62020009AF512 /* TipCalculator */ = {
			isa = PBXGroup;
			children = (
				D32AF7931AC62020009AF512 /* AppDelegate.swift */,
				D32AF7951AC62020009AF512 /* ViewController.swift */,
				D32AF7971AC62020009AF512 /* Main.storyboard */,
				D32AF79A1AC62020009AF512 /* Images.xcassets */,
				D32AF79C1AC62020009AF512 /* LaunchScreen.xib */,
				D32AF7911AC62020009AF512 /* Supporting Files */,
			);
			path = TipCalculator;
			sourceTree = "<group>";
		};
		D32AF7911AC62020009AF512 /* Supporting Files */ = {
			isa = PBXGroup;
			children = (
				D32AF7921AC62020009AF512 /* Info.plist */,
			);
			name = "Supporting Files";
			sourceTree = "<group>";
		};
		D32AF7A61AC62020009AF512 /* TipCalculatorTests */ = {
			isa = PBXGroup;
			children = (
				D32AF7A91AC62020009AF512 /* TipCalculatorTests.swift */,
				D32AF7A71AC62020009AF512 /* Supporting Files */,
			);
			path = TipCalculatorTests;
			sourceTree = "<group>";
		};
		D32AF7A71AC62020009AF512 /* Supporting Files */ = {
			isa = PBXGroup;
			children = (
				D32AF7A81AC62020009AF512 /* Info.plist */,
			);
			name = "Supporting Files";
			sourceTree = "<group>";
		};
		D32AF7B81AC62065009AF512 /* TipCalculator WatchKit Extension */ = {
			isa = PBXGroup;
			children = (
				D32AF7BB1AC62065009AF512 /* InterfaceController.swift */,
				D32AF7BD1AC62065009AF512 /* Images.xcassets */,
				D32AF7B91AC62065009AF512 /* Supporting Files */,
			);
			path = "TipCalculator WatchKit Extension";
			sourceTree = "<group>";
		};
		D32AF7B91AC62065009AF512 /* Supporting Files */ = {
			isa = PBXGroup;
			children = (
				D32AF7BA1AC62065009AF512 /* Info.plist */,
			);
			name = "Supporting Files";
			sourceTree = "<group>";
		};
		D32AF7C51AC62065009AF512 /* TipCalculator WatchKit App */ = {
			isa = PBXGroup;
			children = (
				D32AF7C81AC62065009AF512 /* Interface.storyboard */,
				D32AF7CB1AC62065009AF512 /* Images.xcassets */,
				D32AF7C61AC62065009AF512 /* Supporting Files */,
			);
			path = "TipCalculator WatchKit App";
			sourceTree = "<group>";
		};
		D32AF7C61AC62065009AF512 /* Supporting Files */ = {
			isa = PBXGroup;
			children = (
				D32AF7C71AC62065009AF512 /* Info.plist */,
			);
			name = "Supporting Files";
			sourceTree = "<group>";
		};
/* End PBXGroup section */

/* Begin PBXNativeTarget section */
		D32AF78D1AC62020009AF512 /* TipCalculator */ = {
			isa = PBXNativeTarget;
			buildConfigurationList = D32AF7AD1AC62020009AF512 /* Build configuration list for PBXNativeTarget "TipCalculator" */;
			buildPhases = (
				D32AF78A1AC62020009AF512 /* Sources */,
				D32AF78B1AC62020009AF512 /* Frameworks */,
				D32AF78C1AC62020009AF512 /* Resources */,
				D32AF7D61AC62065009AF512 /* Embed App Extensions */,
			);
			buildRules = (
			);
			dependencies = (
				D32AF7CE1AC62065009AF512 /* PBXTargetDependency */,
			);
			name = TipCalculator;
			productName = TipCalculator;
			productReference = D32AF78E1AC62020009AF512 /* TipCalculator.app */;
			productType = "com.apple.product-type.application";
		};
		D32AF7A21AC62020009AF512 /* TipCalculatorTests */ = {
			isa = PBXNativeTarget;
			buildConfigurationList = D32AF7B01AC62020009AF512 /* Build configuration list for PBXNativeTarget "TipCalculatorTests" */;
			buildPhases = (
				D32AF79F1AC62020009AF512 /* Sources */,
				D32AF7A01AC62020009AF512 /* Frameworks */,
				D32AF7A11AC62020009AF512 /* Resources */,
			);
			buildRules = (
			);
			dependencies = (
				D32AF7A51AC62020009AF512 /* PBXTargetDependency */,
			);
			name = TipCalculatorTests;
			productName = TipCalculatorTests;
			productReference = D32AF7A31AC62020009AF512 /* TipCalculatorTests.xctest */;
			productType = "com.apple.product-type.bundle.unit-test";
		};
		D32AF7B61AC62065009AF512 /* TipCalculator WatchKit Extension */ = {
			isa = PBXNativeTarget;
			buildConfigurationList = D32AF7D31AC62065009AF512 /* Build configuration list for PBXNativeTarget "TipCalculator WatchKit Extension" */;
			buildPhases = (
				D32AF7B31AC62065009AF512 /* Sources */,
				D32AF7B41AC62065009AF512 /* Frameworks */,
				D32AF7B51AC62065009AF512 /* Resources */,
			);
			buildRules = (
			);
			dependencies = (
				D32AF7C41AC62065009AF512 /* PBXTargetDependency */,
			);
			name = "TipCalculator WatchKit Extension";
			productName = "TipCalculator WatchKit Extension";
			productReference = D32AF7B71AC62065009AF512 /* TipCalculator WatchKit Extension.appex */;
			productType = "com.apple.product-type.watchkit-extension";
		};
		D32AF7C01AC62065009AF512 /* TipCalculator WatchKit App */ = {
			isa = PBXNativeTarget;
			buildConfigurationList = D32AF7D01AC62065009AF512 /* Build configuration list for PBXNativeTarget "TipCalculator WatchKit App" */;
			buildPhases = (
				D32AF7BF1AC62065009AF512 /* Resources */,
			);
			buildRules = (
			);
			dependencies = (
			);
			name = "TipCalculator WatchKit App";
			productName = "TipCalculator WatchKit App";
			productReference = D32AF7C11AC62065009AF512 /* TipCalculator WatchKit App.app */;
			productType = "com.apple.product-type.application.watchapp";
		};
/* End PBXNativeTarget section */

/* Begin PBXProject section */
		D32AF7861AC62020009AF512 /* Project object */ = {
			isa = PBXProject;
			attributes = {
				LastUpgradeCheck = 0620;
				ORGANIZATIONNAME = "Saroj Rout";
				TargetAttributes = {
					D32AF78D1AC62020009AF512 = {
						CreatedOnToolsVersion = 6.2;
					};
					D32AF7A21AC62020009AF512 = {
						CreatedOnToolsVersion = 6.2;
						TestTargetID = D32AF78D1AC62020009AF512;
					};
					D32AF7B61AC62065009AF512 = {
						CreatedOnToolsVersion = 6.2;
					};
					D32AF7C01AC62065009AF512 = {
						CreatedOnToolsVersion = 6.2;
					};
				};
			};
			buildConfigurationList = D32AF7891AC62020009AF512 /* Build configuration list for PBXProject "TipCalculator" */;
			compatibilityVersion = "Xcode 3.2";
			developmentRegion = English;
			hasScannedForEncodings = 0;
			knownRegions = (
				en,
				Base,
			);
			mainGroup = D32AF7851AC62020009AF512;
			productRefGroup = D32AF78F1AC62020009AF512 /* Products */;
			projectDirPath = "";
			projectRoot = "";
			targets = (
				D32AF78D1AC62020009AF512 /* TipCalculator */,
				D32AF7A21AC62020009AF512 /* TipCalculatorTests */,
				D32AF7B61AC62065009AF512 /* TipCalculator WatchKit Extension */,
				D32AF7C01AC62065009AF512 /* TipCalculator WatchKit App */,
			);
		};
/* End PBXProject section */

/* Begin PBXResourcesBuildPhase section */
		D32AF78C1AC62020009AF512 /* Resources */ = {
			isa = PBXResourcesBuildPhase;
			buildActionMask = 2147483647;
			files = (
				D32AF7991AC62020009AF512 /* Main.storyboard in Resources */,
				D32AF79E1AC62020009AF512 /* LaunchScreen.xib in Resources */,
				D32AF79B1AC62020009AF512 /* Images.xcassets in Resources */,
			);
			runOnlyForDeploymentPostprocessing = 0;
		};
		D32AF7A11AC62020009AF512 /* Resources */ = {
			isa = PBXResourcesBuildPhase;
			buildActionMask = 2147483647;
			files = (
			);
			runOnlyForDeploymentPostprocessing = 0;
		};
		D32AF7B51AC62065009AF512 /* Resources */ = {
			isa = PBXResourcesBuildPhase;
			buildActionMask = 2147483647;
			files = (
				D32AF7C21AC62065009AF512 /* TipCalculator WatchKit App.app in Resources */,
				D32AF7BE1AC62065009AF512 /* Images.xcassets in Resources */,
			);
			runOnlyForDeploymentPostprocessing = 0;
		};
		D32AF7BF1AC62065009AF512 /* Resources */ = {
			isa = PBXResourcesBuildPhase;
			buildActionMask = 2147483647;
			files = (
				D32AF7CA1AC62065009AF512 /* Interface.storyboard in Resources */,
				D32AF7CC1AC62065009AF512 /* Images.xcassets in Resources */,
			);
			runOnlyForDeploymentPostprocessing = 0;
		};
/* End PBXResourcesBuildPhase section */

/* Begin PBXSourcesBuildPhase section */
		D32AF78A1AC62020009AF512 /* Sources */ = {
			isa = PBXSourcesBuildPhase;
			buildActionMask = 2147483647;
			files = (
				D32AF7961AC62020009AF512 /* ViewController.swift in Sources */,
				D32AF7941AC62020009AF512 /* AppDelegate.swift in Sources */,
			);
			runOnlyForDeploymentPostprocessing = 0;
		};
		D32AF79F1AC62020009AF512 /* Sources */ = {
			isa = PBXSourcesBuildPhase;
			buildActionMask = 2147483647;
			files = (
				D32AF7AA1AC62020009AF512 /* TipCalculatorTests.swift in Sources */,
			);
			runOnlyForDeploymentPostprocessing = 0;
		};
		D32AF7B31AC62065009AF512 /* Sources */ = {
			isa = PBXSourcesBuildPhase;
			buildActionMask = 2147483647;
			files = (
				D32AF7BC1AC62065009AF512 /* InterfaceController.swift in Sources */,
			);
			runOnlyForDeploymentPostprocessing = 0;
		};
/* End PBXSourcesBuildPhase section */

/* Begin PBXTargetDependency section */
		D32AF7A51AC62020009AF512 /* PBXTargetDependency */ = {
			isa = PBXTargetDependency;
			target = D32AF78D1AC62020009AF512 /* TipCalculator */;
			targetProxy = D32AF7A41AC62020009AF512 /* PBXContainerItemProxy */;
		};
		D32AF7C41AC62065009AF512 /* PBXTargetDependency */ = {
			isa = PBXTargetDependency;
			target = D32AF7C01AC62065009AF512 /* TipCalculator WatchKit App */;
			targetProxy = D32AF7C31AC62065009AF512 /* PBXContainerItemProxy */;
		};
		D32AF7CE1AC62065009AF512 /* PBXTargetDependency */ = {
			isa = PBXTargetDependency;
			target = D32AF7B61AC62065009AF512 /* TipCalculator WatchKit Extension */;
			targetProxy = D32AF7CD1AC62065009AF512 /* PBXContainerItemProxy */;
		};
/* End PBXTargetDependency section */

/* Begin PBXVariantGroup section */
		D32AF7971AC62020009AF512 /* Main.storyboard */ = {
			isa = PBXVariantGroup;
			children = (
				D32AF7981AC62020009AF512 /* Base */,
			);
			name = Main.storyboard;
			sourceTree = "<group>";
		};
		D32AF79C1AC62020009AF512 /* LaunchScreen.xib */ = {
			isa = PBXVariantGroup;
			children = (
				D32AF79D1AC62020009AF512 /* Base */,
			);
			name = LaunchScreen.xib;
			sourceTree = "<group>";
		};
		D32AF7C81AC62065009AF512 /* Interface.storyboard */ = {
			isa = PBXVariantGroup;
			children = (
				D32AF7C91AC62065009AF512 /* Base */,
			);
			name = Interface.storyboard;
			sourceTree = "<group>";
		};
/* End PBXVariantGroup section */

/* Begin XCBuildConfiguration section */
		D32AF7AB1AC62020009AF512 /* Debug */ = {
			isa = XCBuildConfiguration;
			buildSettings = {
				ALWAYS_SEARCH_USER_PATHS = NO;
				CLANG_CXX_LANGUAGE_STANDARD = "gnu++0x";
				CLANG_CXX_LIBRARY = "libc++";
				CLANG_ENABLE_MODULES = YES;
				CLANG_ENABLE_OBJC_ARC = YES;
				CLANG_WARN_BOOL_CONVERSION = YES;
				CLANG_WARN_CONSTANT_CONVERSION = YES;
				CLANG_WARN_DIRECT_OBJC_ISA_USAGE = YES_ERROR;
				CLANG_WARN_EMPTY_BODY = YES;
				CLANG_WARN_ENUM_CONVERSION = YES;
				CLANG_WARN_INT_CONVERSION = YES;
				CLANG_WARN_OBJC_ROOT_CLASS = YES_ERROR;
				CLANG_WARN_UNREACHABLE_CODE = YES;
				CLANG_WARN__DUPLICATE_METHOD_MATCH = YES;
				"CODE_SIGN_IDENTITY[sdk=iphoneos*]" = "iPhone Developer";
				COPY_PHASE_STRIP = NO;
				ENABLE_STRICT_OBJC_MSGSEND = YES;
				GCC_C_LANGUAGE_STANDARD = gnu99;
				GCC_DYNAMIC_NO_PIC = NO;
				GCC_OPTIMIZATION_LEVEL = 0;
				GCC_PREPROCESSOR_DEFINITIONS = (
					"DEBUG=1",
					"$(inherited)",
				);
				GCC_SYMBOLS_PRIVATE_EXTERN = NO;
				GCC_WARN_64_TO_32_BIT_CONVERSION = YES;
				GCC_WARN_ABOUT_RETURN_TYPE = YES_ERROR;
				GCC_WARN_UNDECLARED_SELECTOR = YES;
				GCC_WARN_UNINITIALIZED_AUTOS = YES_AGGRESSIVE;
				GCC_WARN_UNUSED_FUNCTION = YES;
				GCC_WARN_UNUSED_VARIABLE = YES;
				IPHONEOS_DEPLOYMENT_TARGET = 8.2;
				MTL_ENABLE_DEBUG_INFO = YES;
				ONLY_ACTIVE_ARCH = YES;
				SDKROOT = iphoneos;
				SWIFT_OPTIMIZATION_LEVEL = "-Onone";
			};
			name = Debug;
		};
		D32AF7AC1AC62020009AF512 /* Release */ = {
			isa = XCBuildConfiguration;
			buildSettings = {
				ALWAYS_SEARCH_USER_PATHS = NO;
				CLANG_CXX_LANGUAGE_STANDARD = "gnu++0x";
				CLANG_CXX_LIBRARY = "libc++";
				CLANG_ENABLE_MODULES = YES;
				CLANG_ENABLE_OBJC_ARC = YES;
				CLANG_WARN_BOOL_CONVERSION = YES;
				CLANG_WARN_CONSTANT_CONVERSION = YES;
				CLANG_WARN_DIRECT_OBJC_ISA_USAGE = YES_ERROR;
				CLANG_WARN_EMPTY_BODY = YES;
				CLANG_WARN_ENUM_CONVERSION = YES;
				CLANG_WARN_INT_CONVERSION = YES;
				CLANG_WARN_OBJC_ROOT_CLASS = YES_ERROR;
				CLANG_WARN_UNREACHABLE_CODE = YES;
				CLANG_WARN__DUPLICATE_METHOD_MATCH = YES;
				"CODE_SIGN_IDENTITY[sdk=iphoneos*]" = "iPhone Developer";
				COPY_PHASE_STRIP = NO;
				ENABLE_NS_ASSERTIONS = NO;
				ENABLE_STRICT_OBJC_MSGSEND = YES;
				GCC_C_LANGUAGE_STANDARD = gnu99;
				GCC_WARN_64_TO_32_BIT_CONVERSION = YES;
				GCC_WARN_ABOUT_RETURN_TYPE = YES_ERROR;
				GCC_WARN_UNDECLARED_SELECTOR = YES;
				GCC_WARN_UNINITIALIZED_AUTOS = YES_AGGRESSIVE;
				GCC_WARN_UNUSED_FUNCTION = YES;
				GCC_WARN_UNUSED_VARIABLE = YES;
				IPHONEOS_DEPLOYMENT_TARGET = 8.2;
				MTL_ENABLE_DEBUG_INFO = NO;
				SDKROOT = iphoneos;
				VALIDATE_PRODUCT = YES;
			};
			name = Release;
		};
		D32AF7AE1AC62020009AF512 /* Debug */ = {
			isa = XCBuildConfiguration;
			buildSettings = {
				ASSETCATALOG_COMPILER_APPICON_NAME = AppIcon;
				EMBEDDED_CONTENT_CONTAINS_SWIFT = YES;
				INFOPLIST_FILE = TipCalculator/Info.plist;
				LD_RUNPATH_SEARCH_PATHS = "$(inherited) @executable_path/Frameworks";
				PRODUCT_NAME = "$(TARGET_NAME)";
			};
			name = Debug;
		};
		D32AF7AF1AC62020009AF512 /* Release */ = {
			isa = XCBuildConfiguration;
			buildSettings = {
				ASSETCATALOG_COMPILER_APPICON_NAME = AppIcon;
				EMBEDDED_CONTENT_CONTAINS_SWIFT = YES;
				INFOPLIST_FILE = TipCalculator/Info.plist;
				LD_RUNPATH_SEARCH_PATHS = "$(inherited) @executable_path/Frameworks";
				PRODUCT_NAME = "$(TARGET_NAME)";
			};
			name = Release;
		};
		D32AF7B11AC62020009AF512 /* Debug */ = {
			isa = XCBuildConfiguration;
			buildSettings = {
				BUNDLE_LOADER = "$(TEST_HOST)";
				FRAMEWORK_SEARCH_PATHS = (
					"$(SDKROOT)/Developer/Library/Frameworks",
					"$(inherited)",
				);
				GCC_PREPROCESSOR_DEFINITIONS = (
					"DEBUG=1",
					"$(inherited)",
				);
				INFOPLIST_FILE = TipCalculatorTests/Info.plist;
				LD_RUNPATH_SEARCH_PATHS = "$(inherited) @executable_path/Frameworks @loader_path/Frameworks";
				PRODUCT_NAME = "$(TARGET_NAME)";
				TEST_HOST = "$(BUILT_PRODUCTS_DIR)/TipCalculator.app/TipCalculator";
			};
			name = Debug;
		};
		D32AF7B21AC62020009AF512 /* Release */ = {
			isa = XCBuildConfiguration;
			buildSettings = {
				BUNDLE_LOADER = "$(TEST_HOST)";
				FRAMEWORK_SEARCH_PATHS = (
					"$(SDKROOT)/Developer/Library/Frameworks",
					"$(inherited)",
				);
				INFOPLIST_FILE = TipCalculatorTests/Info.plist;
				LD_RUNPATH_SEARCH_PATHS = "$(inherited) @executable_path/Frameworks @loader_path/Frameworks";
				PRODUCT_NAME = "$(TARGET_NAME)";
				TEST_HOST = "$(BUILT_PRODUCTS_DIR)/TipCalculator.app/TipCalculator";
			};
			name = Release;
		};
		D32AF7D11AC62065009AF512 /* Debug */ = {
			isa = XCBuildConfiguration;
			buildSettings = {
				ASSETCATALOG_COMPILER_APPICON_NAME = AppIcon;
				GCC_PREPROCESSOR_DEFINITIONS = (
					"DEBUG=1",
					"$(inherited)",
				);
				IBSC_MODULE = TipCalculator_WatchKit_Extension;
				INFOPLIST_FILE = "TipCalculator WatchKit App/Info.plist";
				PRODUCT_NAME = "$(TARGET_NAME)";
				SKIP_INSTALL = YES;
				TARGETED_DEVICE_FAMILY = 4;
				"TARGETED_DEVICE_FAMILY[sdk=iphonesimulator*]" = "1,4";
			};
			name = Debug;
		};
		D32AF7D21AC62065009AF512 /* Release */ = {
			isa = XCBuildConfiguration;
			buildSettings = {
				ASSETCATALOG_COMPILER_APPICON_NAME = AppIcon;
				IBSC_MODULE = TipCalculator_WatchKit_Extension;
				INFOPLIST_FILE = "TipCalculator WatchKit App/Info.plist";
				PRODUCT_NAME = "$(TARGET_NAME)";
				SKIP_INSTALL = YES;
				TARGETED_DEVICE_FAMILY = 4;
				"TARGETED_DEVICE_FAMILY[sdk=iphonesimulator*]" = "1,4";
			};
			name = Release;
		};
		D32AF7D41AC62065009AF512 /* Debug */ = {
			isa = XCBuildConfiguration;
			buildSettings = {
				GCC_PREPROCESSOR_DEFINITIONS = (
					"DEBUG=1",
					"$(inherited)",
				);
				INFOPLIST_FILE = "TipCalculator WatchKit Extension/Info.plist";
				LD_RUNPATH_SEARCH_PATHS = "$(inherited) @executable_path/Frameworks @executable_path/../../Frameworks";
				PRODUCT_NAME = "${TARGET_NAME}";
				SKIP_INSTALL = YES;
			};
			name = Debug;
		};
		D32AF7D51AC62065009AF512 /* Release */ = {
			isa = XCBuildConfiguration;
			buildSettings = {
				INFOPLIST_FILE = "TipCalculator WatchKit Extension/Info.plist";
				LD_RUNPATH_SEARCH_PATHS = "$(inherited) @executable_path/Frameworks @executable_path/../../Frameworks";
				PRODUCT_NAME = "${TARGET_NAME}";
				SKIP_INSTALL = YES;
			};
			name = Release;
		};
/* End XCBuildConfiguration section */

/* Begin XCConfigurationList section */
		D32AF7891AC62020009AF512 /* Build configuration list for PBXProject "TipCalculator" */ = {
			isa = XCConfigurationList;
			buildConfigurations = (
				D32AF7AB1AC62020009AF512 /* Debug */,
				D32AF7AC1AC62020009AF512 /* Release */,
			);
			defaultConfigurationIsVisible = 0;
			defaultConfigurationName = Release;
		};
		D32AF7AD1AC62020009AF512 /* Build configuration list for PBXNativeTarget "TipCalculator" */ = {
			isa = XCConfigurationList;
			buildConfigurations = (
				D32AF7AE1AC62020009AF512 /* Debug */,
				D32AF7AF1AC62020009AF512 /* Release */,
			);
			defaultConfigurationIsVisible = 0;
		};
		D32AF7B01AC62020009AF512 /* Build configuration list for PBXNativeTarget "TipCalculatorTests" */ = {
			isa = XCConfigurationList;
			buildConfigurations = (
				D32AF7B11AC62020009AF512 /* Debug */,
				D32AF7B21AC62020009AF512 /* Release */,
			);
			defaultConfigurationIsVisible = 0;
		};
		D32AF7D01AC62065009AF512 /* Build configuration list for PBXNativeTarget "TipCalculator WatchKit App" */ = {
			isa = XCConfigurationList;
			buildConfigurations = (
				D32AF7D11AC62065009AF512 /* Debug */,
				D32AF7D21AC62065009AF512 /* Release */,
			);
			defaultConfigurationIsVisible = 0;
		};
		D32AF7D31AC62065009AF512 /* Build configuration list for PBXNativeTarget "TipCalculator WatchKit Extension" */ = {
			isa = XCConfigurationList;
			buildConfigurations = (
				D32AF7D41AC62065009AF512 /* Debug */,
				D32AF7D51AC62065009AF512 /* Release */,
			);
			defaultConfigurationIsVisible = 0;
		};
/* End XCConfigurationList section */
	};
	rootObject = D32AF7861AC62020009AF512 /* Project object */;
}
